
Microsoft Visual Studio Solution File, Format Version 12.00
# Visual Studio Version 17
VisualStudioVersion = 17.8.34316.72
MinimumVisualStudioVersion = 10.0.40219.1
Project("{FAE04EC0-301F-11D3-BF4B-00C04F79EFBC}") = "csharp-s3-app", "csharp-s3-app\csharp-s3-app.csproj", "{1D98D100-45FC-4367-9F40-21D4EF0E99CA}"
EndProject
Global
	GlobalSection(SolutionConfigurationPlatforms) = preSolution
		Debug|Any CPU = Debug|Any CPU
		Release|Any CPU = Release|Any CPU
	EndGlobalSection
	GlobalSection(ProjectConfigurationPlatforms) = postSolution
		{1D98D100-45FC-4367-9F40-21D4EF0E99CA}.Debug|Any CPU.ActiveCfg = Debug|Any CPU
		{1D98D100-45FC-4367-9F40-21D4EF0E99CA}.Debug|Any CPU.Build.0 = Debug|Any CPU
		{1D98D100-45FC-4367-9F40-21D4EF0E99CA}.Release|Any CPU.ActiveCfg = Release|Any CPU
		{1D98D100-45FC-4367-9F40-21D4EF0E99CA}.Release|Any CPU.Build.0 = Release|Any CPU
	EndGlobalSection
	GlobalSection(SolutionProperties) = preSolution
		HideSolutionNode = FALSE
	EndGlobalSection
	GlobalSection(ExtensibilityGlobals) = postSolution
		SolutionGuid = {5AF68127-6EA6-4C08-BBD6-61B6CDE14929}
	EndGlobalSection
EndGlobal
